
Microsoft Visual Studio Solution File, Format Version 12.00
# Visual Studio Version 17
VisualStudioVersion = 17.10.34928.147
MinimumVisualStudioVersion = 10.0.40219.1
Project("{00D1A9C2-B5F0-4AF3-8072-F6C62B433612}") = "BaseDatos", "BaseDatos\BaseDatos.sqlproj", "{18FB004B-E86E-4291-99EF-24B3282D3588}"
EndProject
Global
	GlobalSection(SolutionConfigurationPlatforms) = preSolution
		Debug|Any CPU = Debug|Any CPU
		Release|Any CPU = Release|Any CPU
	EndGlobalSection
	GlobalSection(ProjectConfigurationPlatforms) = postSolution
		{18FB004B-E86E-4291-99EF-24B3282D3588}.Debug|Any CPU.ActiveCfg = Debug|Any CPU
		{18FB004B-E86E-4291-99EF-24B3282D3588}.Debug|Any CPU.Build.0 = Debug|Any CPU
		{18FB004B-E86E-4291-99EF-24B3282D3588}.Debug|Any CPU.Deploy.0 = Debug|Any CPU
		{18FB004B-E86E-4291-99EF-24B3282D3588}.Release|Any CPU.ActiveCfg = Release|Any CPU
		{18FB004B-E86E-4291-99EF-24B3282D3588}.Release|Any CPU.Build.0 = Release|Any CPU
		{18FB004B-E86E-4291-99EF-24B3282D3588}.Release|Any CPU.Deploy.0 = Release|Any CPU
	EndGlobalSection
	GlobalSection(SolutionProperties) = preSolution
		HideSolutionNode = FALSE
	EndGlobalSection
	GlobalSection(ExtensibilityGlobals) = postSolution
		SolutionGuid = {C44EF5B7-027C-4338-A29D-99D41C3FC8C1}
	EndGlobalSection
EndGlobal
