
Microsoft Visual Studio Solution File, Format Version 12.00
# Visual Studio Version 17
VisualStudioVersion = 17.10.34928.147
MinimumVisualStudioVersion = 10.0.40219.1
Project("{00D1A9C2-B5F0-4AF3-8072-F6C62B433612}") = "BaseDatos", "BaseDatos\BaseDatos.sqlproj", "{18FB004B-E86E-4291-99EF-24B3282D3588}"
EndProject
Project("{FAE04EC0-301F-11D3-BF4B-00C04F79EFBC}") = "DA", "DA\DA.csproj", "{E9625438-4811-495E-801F-C7C10F97A44B}"
EndProject
Project("{FAE04EC0-301F-11D3-BF4B-00C04F79EFBC}") = "Abstracciones", "Abstracciones\Abstracciones.csproj", "{F02D0BE5-491D-466A-B8CE-A55B446E0ED4}"
EndProject
Project("{FAE04EC0-301F-11D3-BF4B-00C04F79EFBC}") = "SG", "SG\SG.csproj", "{D0380A1B-9215-4EBB-893C-3EB71A1633F9}"
EndProject
Project("{FAE04EC0-301F-11D3-BF4B-00C04F79EFBC}") = "BC", "BC\BC.csproj", "{D60EABB7-7829-495A-967D-18092C32FF65}"
EndProject
Project("{FAE04EC0-301F-11D3-BF4B-00C04F79EFBC}") = "BW", "BW\BW.csproj", "{8876F153-929E-4A94-8CD9-2672B0AFE464}"
EndProject
Project("{FAE04EC0-301F-11D3-BF4B-00C04F79EFBC}") = "API", "API\API.csproj", "{C3A1E362-734B-41BB-9C9E-A1BBB9EF3E19}"
EndProject
Global
	GlobalSection(SolutionConfigurationPlatforms) = preSolution
		Debug|Any CPU = Debug|Any CPU
		Release|Any CPU = Release|Any CPU
	EndGlobalSection
	GlobalSection(ProjectConfigurationPlatforms) = postSolution
		{18FB004B-E86E-4291-99EF-24B3282D3588}.Debug|Any CPU.ActiveCfg = Debug|Any CPU
		{18FB004B-E86E-4291-99EF-24B3282D3588}.Debug|Any CPU.Build.0 = Debug|Any CPU
		{18FB004B-E86E-4291-99EF-24B3282D3588}.Debug|Any CPU.Deploy.0 = Debug|Any CPU
		{18FB004B-E86E-4291-99EF-24B3282D3588}.Release|Any CPU.ActiveCfg = Release|Any CPU
		{18FB004B-E86E-4291-99EF-24B3282D3588}.Release|Any CPU.Build.0 = Release|Any CPU
		{18FB004B-E86E-4291-99EF-24B3282D3588}.Release|Any CPU.Deploy.0 = Release|Any CPU
		{E9625438-4811-495E-801F-C7C10F97A44B}.Debug|Any CPU.ActiveCfg = Debug|Any CPU
		{E9625438-4811-495E-801F-C7C10F97A44B}.Debug|Any CPU.Build.0 = Debug|Any CPU
		{E9625438-4811-495E-801F-C7C10F97A44B}.Release|Any CPU.ActiveCfg = Release|Any CPU
		{E9625438-4811-495E-801F-C7C10F97A44B}.Release|Any CPU.Build.0 = Release|Any CPU
		{F02D0BE5-491D-466A-B8CE-A55B446E0ED4}.Debug|Any CPU.ActiveCfg = Debug|Any CPU
		{F02D0BE5-491D-466A-B8CE-A55B446E0ED4}.Debug|Any CPU.Build.0 = Debug|Any CPU
		{F02D0BE5-491D-466A-B8CE-A55B446E0ED4}.Release|Any CPU.ActiveCfg = Release|Any CPU
		{F02D0BE5-491D-466A-B8CE-A55B446E0ED4}.Release|Any CPU.Build.0 = Release|Any CPU
		{D0380A1B-9215-4EBB-893C-3EB71A1633F9}.Debug|Any CPU.ActiveCfg = Debug|Any CPU
		{D0380A1B-9215-4EBB-893C-3EB71A1633F9}.Debug|Any CPU.Build.0 = Debug|Any CPU
		{D0380A1B-9215-4EBB-893C-3EB71A1633F9}.Release|Any CPU.ActiveCfg = Release|Any CPU
		{D0380A1B-9215-4EBB-893C-3EB71A1633F9}.Release|Any CPU.Build.0 = Release|Any CPU
		{D60EABB7-7829-495A-967D-18092C32FF65}.Debug|Any CPU.ActiveCfg = Debug|Any CPU
		{D60EABB7-7829-495A-967D-18092C32FF65}.Debug|Any CPU.Build.0 = Debug|Any CPU
		{D60EABB7-7829-495A-967D-18092C32FF65}.Release|Any CPU.ActiveCfg = Release|Any CPU
		{D60EABB7-7829-495A-967D-18092C32FF65}.Release|Any CPU.Build.0 = Release|Any CPU
		{8876F153-929E-4A94-8CD9-2672B0AFE464}.Debug|Any CPU.ActiveCfg = Debug|Any CPU
		{8876F153-929E-4A94-8CD9-2672B0AFE464}.Debug|Any CPU.Build.0 = Debug|Any CPU
		{8876F153-929E-4A94-8CD9-2672B0AFE464}.Release|Any CPU.ActiveCfg = Release|Any CPU
		{8876F153-929E-4A94-8CD9-2672B0AFE464}.Release|Any CPU.Build.0 = Release|Any CPU
		{C3A1E362-734B-41BB-9C9E-A1BBB9EF3E19}.Debug|Any CPU.ActiveCfg = Debug|Any CPU
		{C3A1E362-734B-41BB-9C9E-A1BBB9EF3E19}.Debug|Any CPU.Build.0 = Debug|Any CPU
		{C3A1E362-734B-41BB-9C9E-A1BBB9EF3E19}.Release|Any CPU.ActiveCfg = Release|Any CPU
		{C3A1E362-734B-41BB-9C9E-A1BBB9EF3E19}.Release|Any CPU.Build.0 = Release|Any CPU
	EndGlobalSection
	GlobalSection(SolutionProperties) = preSolution
		HideSolutionNode = FALSE
	EndGlobalSection
	GlobalSection(ExtensibilityGlobals) = postSolution
		SolutionGuid = {C44EF5B7-027C-4338-A29D-99D41C3FC8C1}
	EndGlobalSection
EndGlobal
